
Microsoft Visual Studio Solution File, Format Version 12.00
# Visual Studio Version 16
VisualStudioVersion = 16.0.28729.10
MinimumVisualStudioVersion = 10.0.40219.1
Project("{9A19103F-16F7-4668-BE54-9A1E7A4F7556}") = "HelloQuantum", "HelloQuantum\HelloQuantum.csproj", "{04C920C4-F0B1-422A-946B-5227BE26168B}"
EndProject
Project("{FAE04EC0-301F-11D3-BF4B-00C04F79EFBC}") = "HelloQuantumTests", "HelloQuantumTests\HelloQuantumTests.csproj", "{1AFF4149-2EBC-4801-8615-AF14EFFBE29C}"
EndProject
Global
	GlobalSection(SolutionConfigurationPlatforms) = preSolution
		Debug|Any CPU = Debug|Any CPU
		Release|Any CPU = Release|Any CPU
	EndGlobalSection
	GlobalSection(ProjectConfigurationPlatforms) = postSolution
		{04C920C4-F0B1-422A-946B-5227BE26168B}.Debug|Any CPU.ActiveCfg = Debug|Any CPU
		{04C920C4-F0B1-422A-946B-5227BE26168B}.Debug|Any CPU.Build.0 = Debug|Any CPU
		{04C920C4-F0B1-422A-946B-5227BE26168B}.Release|Any CPU.ActiveCfg = Release|Any CPU
		{04C920C4-F0B1-422A-946B-5227BE26168B}.Release|Any CPU.Build.0 = Release|Any CPU
		{1AFF4149-2EBC-4801-8615-AF14EFFBE29C}.Debug|Any CPU.ActiveCfg = Debug|Any CPU
		{1AFF4149-2EBC-4801-8615-AF14EFFBE29C}.Debug|Any CPU.Build.0 = Debug|Any CPU
		{1AFF4149-2EBC-4801-8615-AF14EFFBE29C}.Release|Any CPU.ActiveCfg = Release|Any CPU
		{1AFF4149-2EBC-4801-8615-AF14EFFBE29C}.Release|Any CPU.Build.0 = Release|Any CPU
	EndGlobalSection
	GlobalSection(SolutionProperties) = preSolution
		HideSolutionNode = FALSE
	EndGlobalSection
	GlobalSection(ExtensibilityGlobals) = postSolution
		SolutionGuid = {9D4F1A68-37E3-4881-BAC8-607AC898E95A}
	EndGlobalSection
EndGlobal
